// !$*UTF8*$!
{
	archiveVersion = 1;
	classes = {
	};
	objectVersion = 50;
	objects = {

/* Begin PBXFileReference section */
		BF7B5E7D22AD8AC1007BEAD8 /* yuri.chr */ = {isa = PBXFileReference; fileEncoding = 4; lastKnownFileType = text; path = yuri.chr; sourceTree = "<group>"; };
		BF7B5E7E22AD8AC1007BEAD8 /* options.rpy */ = {isa = PBXFileReference; fileEncoding = 4; lastKnownFileType = text; path = options.rpy; sourceTree = "<group>"; };
		BF7B5E7F22AD8AC1007BEAD8 /* script.rpy */ = {isa = PBXFileReference; fileEncoding = 4; lastKnownFileType = text; path = script.rpy; sourceTree = "<group>"; };
		BF7B5E8022AD8AC1007BEAD8 /* splash.rpy */ = {isa = PBXFileReference; fileEncoding = 4; lastKnownFileType = text; path = splash.rpy; sourceTree = "<group>"; };
		BF7B5E8122AD8AC1007BEAD8 /* natsuki.chr */ = {isa = PBXFileReference; lastKnownFileType = file; path = natsuki.chr; sourceTree = "<group>"; };
		BF7B5E8222AD8AC1007BEAD8 /* tutorials.rpy */ = {isa = PBXFileReference; fileEncoding = 4; lastKnownFileType = text; path = tutorials.rpy; sourceTree = "<group>"; };
		BF7B5E8322AD8AC1007BEAD8 /* script-example.rpy */ = {isa = PBXFileReference; fileEncoding = 4; lastKnownFileType = text; path = "script-example.rpy"; sourceTree = "<group>"; };
		BF7B5E8522AD8AC1007BEAD8 /* singleton.py */ = {isa = PBXFileReference; fileEncoding = 4; lastKnownFileType = text.script.python; path = singleton.py; sourceTree = "<group>"; };
		BF7B5E8622AD8AC1007BEAD8 /* sayori.chr */ = {isa = PBXFileReference; lastKnownFileType = file; path = sayori.chr; sourceTree = "<group>"; };
		BF7B5E8722AD8AC1007BEAD8 /* README.md */ = {isa = PBXFileReference; fileEncoding = 4; lastKnownFileType = net.daringfireball.markdown; path = README.md; sourceTree = "<group>"; };
		BF7B5E8922AD8AC1007BEAD8 /* DDLCModTemplateLogo.png */ = {isa = PBXFileReference; lastKnownFileType = image.png; path = DDLCModTemplateLogo.png; sourceTree = "<group>"; };
		BF7B5E8A22AD8AC1007BEAD8 /* screens.rpy */ = {isa = PBXFileReference; fileEncoding = 4; lastKnownFileType = text; path = screens.rpy; sourceTree = "<group>"; };
		BF7B5E8B22AD8AC1007BEAD8 /* monika.chr */ = {isa = PBXFileReference; lastKnownFileType = file; path = monika.chr; sourceTree = "<group>"; };
		BF7B5E8D22AD8AC1007BEAD8 /* console.rpy */ = {isa = PBXFileReference; fileEncoding = 4; lastKnownFileType = text; path = console.rpy; sourceTree = "<group>"; };
		BF7B5E8E22AD8AC1007BEAD8 /* glitchtext.rpy */ = {isa = PBXFileReference; fileEncoding = 4; lastKnownFileType = text; path = glitchtext.rpy; sourceTree = "<group>"; };
		BF7B5E8F22AD8AC1007BEAD8 /* cgs.rpy */ = {isa = PBXFileReference; fileEncoding = 4; lastKnownFileType = text; path = cgs.rpy; sourceTree = "<group>"; };
		BF7B5E9022AD8AC1007BEAD8 /* poemwords.txt */ = {isa = PBXFileReference; fileEncoding = 4; lastKnownFileType = text; path = poemwords.txt; sourceTree = "<group>"; };
		BF7B5E9122AD8AC1007BEAD8 /* definitions.rpy */ = {isa = PBXFileReference; fileEncoding = 4; lastKnownFileType = text; path = definitions.rpy; sourceTree = "<group>"; };
		BF7B5E9222AD8AC1007BEAD8 /* effects.rpy */ = {isa = PBXFileReference; fileEncoding = 4; lastKnownFileType = text; path = effects.rpy; sourceTree = "<group>"; };
		BF7B5E9322AD8AC1007BEAD8 /* credits.rpy */ = {isa = PBXFileReference; fileEncoding = 4; lastKnownFileType = text; path = credits.rpy; sourceTree = "<group>"; };
		BF7B5E9422AD8AC1007BEAD8 /* transforms.rpy */ = {isa = PBXFileReference; fileEncoding = 4; lastKnownFileType = text; path = transforms.rpy; sourceTree = "<group>"; };
		BF7B5E9522AD8AC1007BEAD8 /* script-poemgame.rpy */ = {isa = PBXFileReference; fileEncoding = 4; lastKnownFileType = text; path = "script-poemgame.rpy"; sourceTree = "<group>"; };
		BF7B5E9622AD8AC1007BEAD8 /* poems_special.rpy */ = {isa = PBXFileReference; fileEncoding = 4; lastKnownFileType = text; path = poems_special.rpy; sourceTree = "<group>"; };
		BF7B5E9722AD8AC1007BEAD8 /* poems.rpy */ = {isa = PBXFileReference; fileEncoding = 4; lastKnownFileType = text; path = poems.rpy; sourceTree = "<group>"; };
		BF7B5E9822AD8AC1007BEAD8 /* gui.rpy */ = {isa = PBXFileReference; fileEncoding = 4; lastKnownFileType = text; path = gui.rpy; sourceTree = "<group>"; };
		BF7B5E9922AD8AC1007BEAD8 /* .gitignore */ = {isa = PBXFileReference; fileEncoding = 4; lastKnownFileType = text; path = .gitignore; sourceTree = "<group>"; };
		BF7B5E9C22AD8AC1007BEAD8 /* tutorial_hover_background.png */ = {isa = PBXFileReference; lastKnownFileType = image.png; path = tutorial_hover_background.png; sourceTree = "<group>"; };
		BF7B5E9D22AD8AC1007BEAD8 /* tutorial_idle_background.png */ = {isa = PBXFileReference; lastKnownFileType = image.png; path = tutorial_idle_background.png; sourceTree = "<group>"; };
		BF7B5E9E22AD8AC1007BEAD8 /* README.txt */ = {isa = PBXFileReference; fileEncoding = 4; lastKnownFileType = text; path = README.txt; sourceTree = "<group>"; };
		BF7B5EA022AD8AC1007BEAD8 /* yuri.chr */ = {isa = PBXFileReference; fileEncoding = 4; lastKnownFileType = text; path = yuri.chr; sourceTree = "<group>"; };
		BF7B5EA122AD8AC1007BEAD8 /* natsuki.chr */ = {isa = PBXFileReference; lastKnownFileType = file; path = natsuki.chr; sourceTree = "<group>"; };
		BF7B5EA222AD8AC1007BEAD8 /* sayori.chr */ = {isa = PBXFileReference; lastKnownFileType = file; path = sayori.chr; sourceTree = "<group>"; };
		BF7B5EA322AD8AC1007BEAD8 /* monika.chr */ = {isa = PBXFileReference; lastKnownFileType = file; path = monika.chr; sourceTree = "<group>"; };
		BF7B5EA422AD8AC1007BEAD8 /* README.html */ = {isa = PBXFileReference; fileEncoding = 4; lastKnownFileType = text.html; path = README.html; sourceTree = "<group>"; };
		BF7B5EA522AD8AC1007BEAD8 /* README.md */ = {isa = PBXFileReference; fileEncoding = 4; lastKnownFileType = net.daringfireball.markdown; path = README.md; sourceTree = "<group>"; };
		BF7B5EA622AD8ACC007BEAD8 /* Config.xcconfig */ = {isa = PBXFileReference; lastKnownFileType = text.xcconfig; path = Config.xcconfig; sourceTree = "<group>"; };
/* End PBXFileReference section */

/* Begin PBXGroup section */
		BF7B5E7122AD8AA2007BEAD8 = {
			isa = PBXGroup;
			children = (
				BF7B5EA622AD8ACC007BEAD8 /* Config.xcconfig */,
				BF7B5E9F22AD8AC1007BEAD8 /* characters */,
				BF7B5E7C22AD8AC1007BEAD8 /* game */,
				BF7B5EA422AD8AC1007BEAD8 /* README.html */,
				BF7B5EA522AD8AC1007BEAD8 /* README.md */,
			);
			sourceTree = "<group>";
		};
		BF7B5E7C22AD8AC1007BEAD8 /* game */ = {
			isa = PBXGroup;
			children = (
				BF7B5E7D22AD8AC1007BEAD8 /* yuri.chr */,
				BF7B5E7E22AD8AC1007BEAD8 /* options.rpy */,
				BF7B5E7F22AD8AC1007BEAD8 /* script.rpy */,
				BF7B5E8022AD8AC1007BEAD8 /* splash.rpy */,
				BF7B5E8122AD8AC1007BEAD8 /* natsuki.chr */,
				BF7B5E8222AD8AC1007BEAD8 /* tutorials.rpy */,
				BF7B5E8322AD8AC1007BEAD8 /* script-example.rpy */,
				BF7B5E8422AD8AC1007BEAD8 /* python-packages */,
				BF7B5E8622AD8AC1007BEAD8 /* sayori.chr */,
				BF7B5E8722AD8AC1007BEAD8 /* README.md */,
				BF7B5E8822AD8AC1007BEAD8 /* mod_assets */,
				BF7B5E8A22AD8AC1007BEAD8 /* screens.rpy */,
				BF7B5E8B22AD8AC1007BEAD8 /* monika.chr */,
				BF7B5E8C22AD8AC1007BEAD8 /* advanced_scripts */,
				BF7B5E9922AD8AC1007BEAD8 /* .gitignore */,
				BF7B5E9A22AD8AC1007BEAD8 /* gui */,
				BF7B5E9E22AD8AC1007BEAD8 /* README.txt */,
			);
			path = game;
			sourceTree = "<group>";
		};
		BF7B5E8422AD8AC1007BEAD8 /* python-packages */ = {
			isa = PBXGroup;
			children = (
				BF7B5E8522AD8AC1007BEAD8 /* singleton.py */,
			);
			path = "python-packages";
			sourceTree = "<group>";
		};
		BF7B5E8822AD8AC1007BEAD8 /* mod_assets */ = {
			isa = PBXGroup;
			children = (
				BF7B5E8922AD8AC1007BEAD8 /* DDLCModTemplateLogo.png */,
			);
			path = mod_assets;
			sourceTree = "<group>";
		};
		BF7B5E8C22AD8AC1007BEAD8 /* advanced_scripts */ = {
			isa = PBXGroup;
			children = (
				BF7B5E8D22AD8AC1007BEAD8 /* console.rpy */,
				BF7B5E8E22AD8AC1007BEAD8 /* glitchtext.rpy */,
				BF7B5E8F22AD8AC1007BEAD8 /* cgs.rpy */,
				BF7B5E9022AD8AC1007BEAD8 /* poemwords.txt */,
				BF7B5E9122AD8AC1007BEAD8 /* definitions.rpy */,
				BF7B5E9222AD8AC1007BEAD8 /* effects.rpy */,
				BF7B5E9322AD8AC1007BEAD8 /* credits.rpy */,
				BF7B5E9422AD8AC1007BEAD8 /* transforms.rpy */,
				BF7B5E9522AD8AC1007BEAD8 /* script-poemgame.rpy */,
				BF7B5E9622AD8AC1007BEAD8 /* poems_special.rpy */,
				BF7B5E9722AD8AC1007BEAD8 /* poems.rpy */,
				BF7B5E9822AD8AC1007BEAD8 /* gui.rpy */,
			);
			path = advanced_scripts;
			sourceTree = "<group>";
		};
		BF7B5E9A22AD8AC1007BEAD8 /* gui */ = {
			isa = PBXGroup;
			children = (
				BF7B5E9B22AD8AC1007BEAD8 /* button */,
			);
			path = gui;
			sourceTree = "<group>";
		};
		BF7B5E9B22AD8AC1007BEAD8 /* button */ = {
			isa = PBXGroup;
			children = (
				BF7B5E9C22AD8AC1007BEAD8 /* tutorial_hover_background.png */,
				BF7B5E9D22AD8AC1007BEAD8 /* tutorial_idle_background.png */,
			);
			path = button;
			sourceTree = "<group>";
		};
		BF7B5E9F22AD8AC1007BEAD8 /* characters */ = {
			isa = PBXGroup;
			children = (
				BF7B5EA022AD8AC1007BEAD8 /* yuri.chr */,
				BF7B5EA122AD8AC1007BEAD8 /* natsuki.chr */,
				BF7B5EA222AD8AC1007BEAD8 /* sayori.chr */,
				BF7B5EA322AD8AC1007BEAD8 /* monika.chr */,
			);
			path = characters;
			sourceTree = "<group>";
		};
/* End PBXGroup section */

/* Begin PBXLegacyTarget section */
		BF7B5E7622AD8AA2007BEAD8 /* DDLCModTemplate */ = {
			isa = PBXLegacyTarget;
			buildArgumentsString = "$(ACTION)";
			buildConfigurationList = BF7B5E7922AD8AA2007BEAD8 /* Build configuration list for PBXLegacyTarget "DDLCModTemplate" */;
			buildPhases = (
			);
			buildToolPath = "$(RENPY_TOOL)";
			buildWorkingDirectory = "";
			dependencies = (
			);
			name = DDLCModTemplate;
			passBuildSettingsInEnvironment = 1;
			productName = DDLCModTemplate;
		};
/* End PBXLegacyTarget section */

/* Begin PBXProject section */
		BF7B5E7222AD8AA2007BEAD8 /* Project object */ = {
			isa = PBXProject;
			attributes = {
				LastUpgradeCheck = 1100;
				ORGANIZATIONNAME = GanstaKingOfSA;
				TargetAttributes = {
					BF7B5E7622AD8AA2007BEAD8 = {
						CreatedOnToolsVersion = 11.0;
					};
				};
			};
			buildConfigurationList = BF7B5E7522AD8AA2007BEAD8 /* Build configuration list for PBXProject "DDLCModTemplate" */;
			compatibilityVersion = "Xcode 9.3";
			developmentRegion = en;
			hasScannedForEncodings = 0;
			knownRegions = (
				en,
				Base,
			);
			mainGroup = BF7B5E7122AD8AA2007BEAD8;
			projectDirPath = "";
			projectRoot = "";
			targets = (
				BF7B5E7622AD8AA2007BEAD8 /* DDLCModTemplate */,
			);
		};
/* End PBXProject section */

/* Begin XCBuildConfiguration section */
		BF7B5E7722AD8AA2007BEAD8 /* Debug */ = {
			isa = XCBuildConfiguration;
			baseConfigurationReference = BF7B5EA622AD8ACC007BEAD8 /* Config.xcconfig */;
			buildSettings = {
				ALWAYS_SEARCH_USER_PATHS = NO;
				CLANG_ANALYZER_NONNULL = YES;
				CLANG_ANALYZER_NUMBER_OBJECT_CONVERSION = YES_AGGRESSIVE;
				CLANG_CXX_LANGUAGE_STANDARD = "gnu++14";
				CLANG_CXX_LIBRARY = "libc++";
				CLANG_ENABLE_MODULES = YES;
				CLANG_ENABLE_OBJC_ARC = YES;
				CLANG_ENABLE_OBJC_WEAK = YES;
				CLANG_WARN_BLOCK_CAPTURE_AUTORELEASING = YES;
				CLANG_WARN_BOOL_CONVERSION = YES;
				CLANG_WARN_COMMA = YES;
				CLANG_WARN_CONSTANT_CONVERSION = YES;
				CLANG_WARN_DEPRECATED_OBJC_IMPLEMENTATIONS = YES;
				CLANG_WARN_DIRECT_OBJC_ISA_USAGE = YES_ERROR;
				CLANG_WARN_DOCUMENTATION_COMMENTS = YES;
				CLANG_WARN_EMPTY_BODY = YES;
				CLANG_WARN_ENUM_CONVERSION = YES;
				CLANG_WARN_INFINITE_RECURSION = YES;
				CLANG_WARN_INT_CONVERSION = YES;
				CLANG_WARN_NON_LITERAL_NULL_CONVERSION = YES;
				CLANG_WARN_OBJC_IMPLICIT_RETAIN_SELF = YES;
				CLANG_WARN_OBJC_LITERAL_CONVERSION = YES;
				CLANG_WARN_OBJC_ROOT_CLASS = YES_ERROR;
				CLANG_WARN_RANGE_LOOP_ANALYSIS = YES;
				CLANG_WARN_STRICT_PROTOTYPES = YES;
				CLANG_WARN_SUSPICIOUS_MOVE = YES;
				CLANG_WARN_UNGUARDED_AVAILABILITY = YES_AGGRESSIVE;
				CLANG_WARN_UNREACHABLE_CODE = YES;
				CLANG_WARN__DUPLICATE_METHOD_MATCH = YES;
				COPY_PHASE_STRIP = NO;
				DEBUG_INFORMATION_FORMAT = dwarf;
				ENABLE_STRICT_OBJC_MSGSEND = YES;
				ENABLE_TESTABILITY = YES;
				GCC_C_LANGUAGE_STANDARD = gnu11;
				GCC_DYNAMIC_NO_PIC = NO;
				GCC_NO_COMMON_BLOCKS = YES;
				GCC_OPTIMIZATION_LEVEL = 0;
				GCC_PREPROCESSOR_DEFINITIONS = (
					"DEBUG=1",
					"$(inherited)",
				);
				GCC_WARN_64_TO_32_BIT_CONVERSION = YES;
				GCC_WARN_ABOUT_RETURN_TYPE = YES_ERROR;
				GCC_WARN_UNDECLARED_SELECTOR = YES;
				GCC_WARN_UNINITIALIZED_AUTOS = YES_AGGRESSIVE;
				GCC_WARN_UNUSED_FUNCTION = YES;
				GCC_WARN_UNUSED_VARIABLE = YES;
				MTL_ENABLE_DEBUG_INFO = INCLUDE_SOURCE;
				MTL_FAST_MATH = YES;
				ONLY_ACTIVE_ARCH = YES;
			};
			name = Debug;
		};
		BF7B5E7822AD8AA2007BEAD8 /* Release */ = {
			isa = XCBuildConfiguration;
			baseConfigurationReference = BF7B5EA622AD8ACC007BEAD8 /* Config.xcconfig */;
			buildSettings = {
				ALWAYS_SEARCH_USER_PATHS = NO;
				CLANG_ANALYZER_NONNULL = YES;
				CLANG_ANALYZER_NUMBER_OBJECT_CONVERSION = YES_AGGRESSIVE;
				CLANG_CXX_LANGUAGE_STANDARD = "gnu++14";
				CLANG_CXX_LIBRARY = "libc++";
				CLANG_ENABLE_MODULES = YES;
				CLANG_ENABLE_OBJC_ARC = YES;
				CLANG_ENABLE_OBJC_WEAK = YES;
				CLANG_WARN_BLOCK_CAPTURE_AUTORELEASING = YES;
				CLANG_WARN_BOOL_CONVERSION = YES;
				CLANG_WARN_COMMA = YES;
				CLANG_WARN_CONSTANT_CONVERSION = YES;
				CLANG_WARN_DEPRECATED_OBJC_IMPLEMENTATIONS = YES;
				CLANG_WARN_DIRECT_OBJC_ISA_USAGE = YES_ERROR;
				CLANG_WARN_DOCUMENTATION_COMMENTS = YES;
				CLANG_WARN_EMPTY_BODY = YES;
				CLANG_WARN_ENUM_CONVERSION = YES;
				CLANG_WARN_INFINITE_RECURSION = YES;
				CLANG_WARN_INT_CONVERSION = YES;
				CLANG_WARN_NON_LITERAL_NULL_CONVERSION = YES;
				CLANG_WARN_OBJC_IMPLICIT_RETAIN_SELF = YES;
				CLANG_WARN_OBJC_LITERAL_CONVERSION = YES;
				CLANG_WARN_OBJC_ROOT_CLASS = YES_ERROR;
				CLANG_WARN_RANGE_LOOP_ANALYSIS = YES;
				CLANG_WARN_STRICT_PROTOTYPES = YES;
				CLANG_WARN_SUSPICIOUS_MOVE = YES;
				CLANG_WARN_UNGUARDED_AVAILABILITY = YES_AGGRESSIVE;
				CLANG_WARN_UNREACHABLE_CODE = YES;
				CLANG_WARN__DUPLICATE_METHOD_MATCH = YES;
				COPY_PHASE_STRIP = NO;
				DEBUG_INFORMATION_FORMAT = "dwarf-with-dsym";
				ENABLE_NS_ASSERTIONS = NO;
				ENABLE_STRICT_OBJC_MSGSEND = YES;
				GCC_C_LANGUAGE_STANDARD = gnu11;
				GCC_NO_COMMON_BLOCKS = YES;
				GCC_WARN_64_TO_32_BIT_CONVERSION = YES;
				GCC_WARN_ABOUT_RETURN_TYPE = YES_ERROR;
				GCC_WARN_UNDECLARED_SELECTOR = YES;
				GCC_WARN_UNINITIALIZED_AUTOS = YES_AGGRESSIVE;
				GCC_WARN_UNUSED_FUNCTION = YES;
				GCC_WARN_UNUSED_VARIABLE = YES;
				MTL_ENABLE_DEBUG_INFO = NO;
				MTL_FAST_MATH = YES;
			};
			name = Release;
		};
		BF7B5E7A22AD8AA2007BEAD8 /* Debug */ = {
			isa = XCBuildConfiguration;
			baseConfigurationReference = BF7B5EA622AD8ACC007BEAD8 /* Config.xcconfig */;
			buildSettings = {
				CODE_SIGN_STYLE = Automatic;
				DEBUGGING_SYMBOLS = YES;
				DEBUG_INFORMATION_FORMAT = dwarf;
				GCC_GENERATE_DEBUGGING_SYMBOLS = YES;
				GCC_OPTIMIZATION_LEVEL = 0;
				OTHER_CFLAGS = "";
				OTHER_LDFLAGS = "";
				PRODUCT_NAME = "$(TARGET_NAME)";
			};
			name = Debug;
		};
		BF7B5E7B22AD8AA2007BEAD8 /* Release */ = {
			isa = XCBuildConfiguration;
			baseConfigurationReference = BF7B5EA622AD8ACC007BEAD8 /* Config.xcconfig */;
			buildSettings = {
				CODE_SIGN_STYLE = Automatic;
				DEBUG_INFORMATION_FORMAT = "dwarf-with-dsym";
				OTHER_CFLAGS = "";
				OTHER_LDFLAGS = "";
				PRODUCT_NAME = "$(TARGET_NAME)";
			};
			name = Release;
		};
/* End XCBuildConfiguration section */

/* Begin XCConfigurationList section */
		BF7B5E7522AD8AA2007BEAD8 /* Build configuration list for PBXProject "DDLCModTemplate" */ = {
			isa = XCConfigurationList;
			buildConfigurations = (
				BF7B5E7722AD8AA2007BEAD8 /* Debug */,
				BF7B5E7822AD8AA2007BEAD8 /* Release */,
			);
			defaultConfigurationIsVisible = 0;
			defaultConfigurationName = Release;
		};
		BF7B5E7922AD8AA2007BEAD8 /* Build configuration list for PBXLegacyTarget "DDLCModTemplate" */ = {
			isa = XCConfigurationList;
			buildConfigurations = (
				BF7B5E7A22AD8AA2007BEAD8 /* Debug */,
				BF7B5E7B22AD8AA2007BEAD8 /* Release */,
			);
			defaultConfigurationIsVisible = 0;
			defaultConfigurationName = Release;
		};
/* End XCConfigurationList section */
	};
	rootObject = BF7B5E7222AD8AA2007BEAD8 /* Project object */;
}
